
Microsoft Visual Studio Solution File, Format Version 12.00
# Visual Studio Version 17
VisualStudioVersion = 17.3.32825.248
MinimumVisualStudioVersion = 10.0.40219.1
Project("{FAE04EC0-301F-11D3-BF4B-00C04F79EFBC}") = "Mygame", "Mygame\Mygame.csproj", "{B8450FC3-5614-4103-8BCF-9A9B0C5FB005}"
EndProject
Global
	GlobalSection(SolutionConfigurationPlatforms) = preSolution
		Debug|Any CPU = Debug|Any CPU
		Release|Any CPU = Release|Any CPU
	EndGlobalSection
	GlobalSection(ProjectConfigurationPlatforms) = postSolution
		{B8450FC3-5614-4103-8BCF-9A9B0C5FB005}.Debug|Any CPU.ActiveCfg = Debug|Any CPU
		{B8450FC3-5614-4103-8BCF-9A9B0C5FB005}.Debug|Any CPU.Build.0 = Debug|Any CPU
		{B8450FC3-5614-4103-8BCF-9A9B0C5FB005}.Release|Any CPU.ActiveCfg = Release|Any CPU
		{B8450FC3-5614-4103-8BCF-9A9B0C5FB005}.Release|Any CPU.Build.0 = Release|Any CPU
	EndGlobalSection
	GlobalSection(SolutionProperties) = preSolution
		HideSolutionNode = FALSE
	EndGlobalSection
	GlobalSection(ExtensibilityGlobals) = postSolution
		SolutionGuid = {A28DDC9A-63F7-457B-8E40-4B417A4583FB}
	EndGlobalSection
EndGlobal
